{
    "_meta": {
        "hash": {
            "sha256": "759d8600e6df07ccf9221abd143c674dbe61d32ba44b0343e2b4f8866f2ea416"
        },
        "pipfile-spec": 6,
        "requires": {
            "python_version": "3.14"
        },
        "sources": [
            {
                "name": "pypi",
                "url": "https://pypi.org/simple",
                "verify_ssl": true
            }
        ]
    },
    "default": {
        "dramatiq": {
            "hashes": [
                "sha256:732eff33f9080338b528f2dff7336a5145687cf9efb57a6a0bbd42ca937f1a30",
                "sha256:85ff840bcc1393812e0079bb310036f647e011036124a7a1492692da7966a093"
            ],
            "index": "pypi",
            "markers": "python_version >= '3.10'",
            "version": "==2.0.0"
        },
        "redis": {
            "hashes": [
                "sha256:23c52b208f92b56103e17c5d06bdc1a6c2c0b3106583985a76a18f83b265de2b",
                "sha256:b1cc3cfa5a2cb9c2ab3ba700864fb0ad75617b41f01352ce5779dabf6d5f9c3c"
            ],
            "index": "pypi",
            "markers": "python_version >= '3.10'",
            "version": "==7.1.0"
        }
    },
    "develop": {}
}
